
Microsoft Visual Studio Solution File, Format Version 12.00
# Visual Studio Version 17
VisualStudioVersion = 17.0.31903.59
MinimumVisualStudioVersion = 10.0.40219.1
Project("{2150E333-8FDC-42A3-9474-1A3956D46DE8}") = "2023", "2023", "{9DD4703A-CBF6-4F1E-AD16-037B8233AA09}"
EndProject
Project("{F2A71F9B-5D33-465A-A702-920D77279786}") = "AOC_2023", "2023\AOC_2023.fsproj", "{5746837F-626A-4759-A362-A0FBA0D858BC}"
EndProject
Project("{2150E333-8FDC-42A3-9474-1A3956D46DE8}") = "2022", "2022", "{ABEC99FC-113E-4BEF-897D-9C70BCEBC753}"
	ProjectSection(SolutionItems) = preProject
		2022\Day7.fsx = 2022\Day7.fsx
	EndProjectSection
EndProject
Global
	GlobalSection(SolutionConfigurationPlatforms) = preSolution
		Debug|Any CPU = Debug|Any CPU
		Release|Any CPU = Release|Any CPU
	EndGlobalSection
	GlobalSection(SolutionProperties) = preSolution
		HideSolutionNode = FALSE
	EndGlobalSection
	GlobalSection(ProjectConfigurationPlatforms) = postSolution
		{5746837F-626A-4759-A362-A0FBA0D858BC}.Debug|Any CPU.ActiveCfg = Debug|Any CPU
		{5746837F-626A-4759-A362-A0FBA0D858BC}.Debug|Any CPU.Build.0 = Debug|Any CPU
		{5746837F-626A-4759-A362-A0FBA0D858BC}.Release|Any CPU.ActiveCfg = Release|Any CPU
		{5746837F-626A-4759-A362-A0FBA0D858BC}.Release|Any CPU.Build.0 = Release|Any CPU
	EndGlobalSection
	GlobalSection(NestedProjects) = preSolution
		{5746837F-626A-4759-A362-A0FBA0D858BC} = {9DD4703A-CBF6-4F1E-AD16-037B8233AA09}
	EndGlobalSection
EndGlobal
